{
  "version": 4,
  "terraform_version": "1.7.5",
  "serial": 3,
  "lineage": "d618b22a-a7be-5fe7-fc7e-709e9b937fad",
  "outputs": {},
  "resources": [
    {
      "mode": "managed",
      "type": "google_redis_instance",
      "name": "redis-tf",
      "provider": "provider[\"registry.terraform.io/hashicorp/google\"]",
      "instances": [
        {
          "schema_version": 0,
          "attributes": {
            "alternative_location_id": "",
            "auth_enabled": false,
            "auth_string": "",
            "authorized_network": "projects/terraform-gcp-1598/global/networks/default",
            "connect_mode": "DIRECT_PEERING",
            "create_time": "2024-05-18T18:43:11.919151529Z",
            "current_location_id": "us-central1-a",
            "customer_managed_key": "",
            "display_name": "Redis Instance from Terraform",
            "effective_labels": {},
            "host": "10.156.246.227",
            "id": "projects/terraform-gcp-1598/locations/us-central1/instances/redis-tf1",
            "labels": null,
            "location_id": "us-central1-a",
            "maintenance_policy": [],
            "maintenance_schedule": [],
            "memory_size_gb": 1,
            "name": "redis-tf1",
            "nodes": [
              {
                "id": "node-0",
                "zone": "us-central1-a"
              }
            ],
            "persistence_config": [
              {
                "persistence_mode": "DISABLED",
                "rdb_next_snapshot_time": "",
                "rdb_snapshot_period": "",
                "rdb_snapshot_start_time": ""
              }
            ],
            "persistence_iam_identity": "serviceAccount:service-968248729997@cloud-redis.iam.gserviceaccount.com",
            "port": 6379,
            "project": "terraform-gcp-1598",
            "read_endpoint": "",
            "read_endpoint_port": 0,
            "read_replicas_mode": "READ_REPLICAS_DISABLED",
            "redis_configs": null,
            "redis_version": "REDIS_7_0",
            "region": "us-central1",
            "replica_count": 0,
            "reserved_ip_range": null,
            "secondary_ip_range": "",
            "server_ca_certs": [],
            "terraform_labels": {},
            "tier": "BASIC",
            "timeouts": null,
            "transit_encryption_mode": "DISABLED"
          },
          "sensitive_attributes": [],
          "private": "eyJlMmJmYjczMC1lY2FhLTExZTYtOGY4OC0zNDM2M2JjN2M0YzAiOnsiY3JlYXRlIjoxMjAwMDAwMDAwMDAwLCJkZWxldGUiOjEyMDAwMDAwMDAwMDAsInVwZGF0ZSI6MTIwMDAwMDAwMDAwMH19"
        }
      ]
    }
  ],
  "check_results": null
}
