{
  "version": 4,
  "terraform_version": "1.7.5",
  "serial": 14,
  "lineage": "a55048c2-9855-9c90-aec5-8a082f807a1e",
  "outputs": {},
  "resources": [
    {
      "mode": "managed",
      "type": "google_storage_bucket",
      "name": "GCS1",
      "provider": "provider[\"registry.terraform.io/hashicorp/google\"]",
      "instances": [
        {
          "schema_version": 1,
          "attributes": {
            "autoclass": [],
            "cors": [],
            "custom_placement_config": [],
            "default_event_based_hold": false,
            "effective_labels": {
              "dept": "production",
              "env": "tf-env"
            },
            "enable_object_retention": false,
            "encryption": [],
            "force_destroy": false,
            "id": "tf-course-bucket-from-terraform-1598",
            "labels": {
              "dept": "production",
              "env": "tf-env"
            },
            "lifecycle_rule": [
              {
                "action": [
                  {
                    "storage_class": "COLDLINE",
                    "type": "SetStorageClass"
                  }
                ],
                "condition": [
                  {
                    "age": 5,
                    "created_before": "",
                    "custom_time_before": "",
                    "days_since_custom_time": 0,
                    "days_since_noncurrent_time": 0,
                    "matches_prefix": [],
                    "matches_storage_class": [],
                    "matches_suffix": [],
                    "no_age": false,
                    "noncurrent_time_before": "",
                    "num_newer_versions": 0,
                    "with_state": "ANY"
                  }
                ]
              }
            ],
            "location": "US-CENTRAL1",
            "logging": [],
            "name": "tf-course-bucket-from-terraform-1598",
            "project": "terraform-gcp-1598",
            "project_number": 968248729997,
            "public_access_prevention": "inherited",
            "requester_pays": false,
            "retention_policy": [
              {
                "is_locked": true,
                "retention_period": 432000
              }
            ],
            "rpo": null,
            "self_link": "https://www.googleapis.com/storage/v1/b/tf-course-bucket-from-terraform-1598",
            "soft_delete_policy": [
              {
                "effective_time": "2024-05-01T18:03:47.119Z",
                "retention_duration_seconds": 604800
              }
            ],
            "storage_class": "NEARLINE",
            "terraform_labels": {
              "dept": "production",
              "env": "tf-env"
            },
            "timeouts": null,
            "uniform_bucket_level_access": true,
            "url": "gs://tf-course-bucket-from-terraform-1598",
            "versioning": [],
            "website": []
          },
          "sensitive_attributes": [],
          "private": "eyJlMmJmYjczMC1lY2FhLTExZTYtOGY4OC0zNDM2M2JjN2M0YzAiOnsiY3JlYXRlIjo2MDAwMDAwMDAwMDAsInJlYWQiOjI0MDAwMDAwMDAwMCwidXBkYXRlIjoyNDAwMDAwMDAwMDB9LCJzY2hlbWFfdmVyc2lvbiI6IjEifQ=="
        }
      ]
    },
    {
      "mode": "managed",
      "type": "google_storage_bucket_object",
      "name": "pic",
      "provider": "provider[\"registry.terraform.io/hashicorp/google\"]",
      "instances": [
        {
          "schema_version": 0,
          "attributes": {
            "bucket": "tf-course-bucket-from-terraform-1598",
            "cache_control": "",
            "content": null,
            "content_disposition": "",
            "content_encoding": "",
            "content_language": "",
            "content_type": "image/png",
            "crc32c": "spGZxg==",
            "customer_encryption": [],
            "detect_md5hash": "6GcfT1KYtmWiCROHSaAh1Q==",
            "event_based_hold": false,
            "id": "tf-course-bucket-from-terraform-1598-architecture_django",
            "kms_key_name": "",
            "md5hash": "6GcfT1KYtmWiCROHSaAh1Q==",
            "media_link": "https://storage.googleapis.com/download/storage/v1/b/tf-course-bucket-from-terraform-1598/o/architecture_django?generation=1714588618973071\u0026alt=media",
            "metadata": {},
            "name": "architecture_django",
            "output_name": "architecture_django",
            "retention": [],
            "self_link": "https://www.googleapis.com/storage/v1/b/tf-course-bucket-from-terraform-1598/o/architecture_django",
            "source": "architecture.png",
            "storage_class": "NEARLINE",
            "temporary_hold": false,
            "timeouts": null
          },
          "sensitive_attributes": [],
          "private": "eyJlMmJmYjczMC1lY2FhLTExZTYtOGY4OC0zNDM2M2JjN2M0YzAiOnsiY3JlYXRlIjoyNDAwMDAwMDAwMDAsImRlbGV0ZSI6MjQwMDAwMDAwMDAwLCJ1cGRhdGUiOjI0MDAwMDAwMDAwMH19",
          "dependencies": [
            "google_storage_bucket.GCS1"
          ]
        }
      ]
    }
  ],
  "check_results": null
}
