{
  "version": 4,
  "terraform_version": "1.7.5",
  "serial": 10,
  "lineage": "8a1c41d5-d33f-d938-795a-2301c1389b46",
  "outputs": {},
  "resources": [
    {
      "mode": "managed",
      "type": "google_spanner_database",
      "name": "dbs5",
      "provider": "provider[\"registry.terraform.io/hashicorp/google\"]",
      "instances": [
        {
          "schema_version": 0,
          "attributes": {
            "database_dialect": "GOOGLE_STANDARD_SQL",
            "ddl": null,
            "deletion_protection": false,
            "enable_drop_protection": false,
            "encryption_config": [],
            "id": "cloud-spanner-tf/dbs1",
            "instance": "cloud-spanner-tf",
            "name": "dbs1",
            "project": "terraform-gcp-1598",
            "state": "READY",
            "timeouts": null,
            "version_retention_period": "1h"
          },
          "sensitive_attributes": [],
          "private": "eyJlMmJmYjczMC1lY2FhLTExZTYtOGY4OC0zNDM2M2JjN2M0YzAiOnsiY3JlYXRlIjoxMjAwMDAwMDAwMDAwLCJkZWxldGUiOjEyMDAwMDAwMDAwMDAsInVwZGF0ZSI6MTIwMDAwMDAwMDAwMH19",
          "dependencies": [
            "google_spanner_instance.ist-from-tf"
          ]
        }
      ]
    },
    {
      "mode": "managed",
      "type": "google_spanner_instance",
      "name": "ist-from-tf",
      "provider": "provider[\"registry.terraform.io/hashicorp/google\"]",
      "instances": [
        {
          "schema_version": 0,
          "attributes": {
            "autoscaling_config": [],
            "config": "projects/terraform-gcp-1598/instanceConfigs/regional-asia-south1",
            "display_name": "instance-tf",
            "effective_labels": {
              "env": "learningtf"
            },
            "force_destroy": false,
            "id": "terraform-gcp-1598/cloud-spanner-tf",
            "labels": {
              "env": "learningtf"
            },
            "name": "cloud-spanner-tf",
            "num_nodes": 1,
            "processing_units": 1000,
            "project": "terraform-gcp-1598",
            "state": "READY",
            "terraform_labels": {
              "env": "learningtf"
            },
            "timeouts": null
          },
          "sensitive_attributes": [],
          "private": "eyJlMmJmYjczMC1lY2FhLTExZTYtOGY4OC0zNDM2M2JjN2M0YzAiOnsiY3JlYXRlIjoxMjAwMDAwMDAwMDAwLCJkZWxldGUiOjEyMDAwMDAwMDAwMDAsInVwZGF0ZSI6MTIwMDAwMDAwMDAwMH19"
        }
      ]
    }
  ],
  "check_results": null
}
