{
  "version": 4,
  "terraform_version": "1.7.5",
  "serial": 28,
  "lineage": "4540b3c0-8279-d916-95fc-de24521ef9b8",
  "outputs": {},
  "resources": [
    {
      "mode": "managed",
      "type": "google_pubsub_subscription",
      "name": "tf-sub",
      "provider": "provider[\"registry.terraform.io/hashicorp/google\"]",
      "instances": [
        {
          "schema_version": 0,
          "attributes": {
            "ack_deadline_seconds": 10,
            "bigquery_config": [],
            "cloud_storage_config": [],
            "dead_letter_policy": [],
            "effective_labels": {},
            "enable_exactly_once_delivery": false,
            "enable_message_ordering": false,
            "expiration_policy": [
              {
                "ttl": "2678400s"
              }
            ],
            "filter": "",
            "id": "projects/terraform-gcp-1598/subscriptions/sub-tf",
            "labels": null,
            "message_retention_duration": "604800s",
            "name": "sub-tf",
            "project": "terraform-gcp-1598",
            "push_config": [],
            "retain_acked_messages": false,
            "retry_policy": [],
            "terraform_labels": {},
            "timeouts": null,
            "topic": "projects/terraform-gcp-1598/topics/topictf"
          },
          "sensitive_attributes": [],
          "private": "eyJlMmJmYjczMC1lY2FhLTExZTYtOGY4OC0zNDM2M2JjN2M0YzAiOnsiY3JlYXRlIjoxMjAwMDAwMDAwMDAwLCJkZWxldGUiOjEyMDAwMDAwMDAwMDAsInVwZGF0ZSI6MTIwMDAwMDAwMDAwMH19",
          "dependencies": [
            "google_pubsub_topic.topicfrmtf"
          ]
        }
      ]
    },
    {
      "mode": "managed",
      "type": "google_pubsub_topic",
      "name": "topicfrmtf",
      "provider": "provider[\"registry.terraform.io/hashicorp/google\"]",
      "instances": [
        {
          "schema_version": 0,
          "attributes": {
            "effective_labels": {
              "env": "dev"
            },
            "id": "projects/terraform-gcp-1598/topics/topictf",
            "ingestion_data_source_settings": [],
            "kms_key_name": "",
            "labels": {
              "env": "dev"
            },
            "message_retention_duration": "",
            "message_storage_policy": [],
            "name": "topictf",
            "project": "terraform-gcp-1598",
            "schema_settings": [],
            "terraform_labels": {
              "env": "dev"
            },
            "timeouts": null
          },
          "sensitive_attributes": [],
          "private": "eyJlMmJmYjczMC1lY2FhLTExZTYtOGY4OC0zNDM2M2JjN2M0YzAiOnsiY3JlYXRlIjoxMjAwMDAwMDAwMDAwLCJkZWxldGUiOjEyMDAwMDAwMDAwMDAsInVwZGF0ZSI6MTIwMDAwMDAwMDAwMH19"
        }
      ]
    }
  ],
  "check_results": null
}
