{
  "version": 4,
  "terraform_version": "1.7.5",
  "serial": 1,
  "lineage": "d2cdd3fb-0687-2803-9bc1-77944dff6c69",
  "outputs": {},
  "resources": [
    {
      "mode": "managed",
      "type": "google_cloud_run_v2_job",
      "name": "Run-job-tf",
      "provider": "provider[\"registry.terraform.io/hashicorp/google\"]",
      "instances": [
        {
          "schema_version": 0,
          "attributes": {
            "annotations": null,
            "binary_authorization": [],
            "client": "",
            "client_version": "",
            "conditions": [],
            "create_time": "2024-05-20T15:19:18.416526Z",
            "creator": "",
            "delete_time": "",
            "effective_annotations": {},
            "effective_labels": {},
            "etag": "\"CPbTrbIGELDdzsYB/cHJvamVjdHMvdGVycmFmb3JtLWdjcC0xNTk4L2xvY2F0aW9ucy91cy1jZW50cmFsMS9qb2JzL2pvYi1mcm9tLXRm\"",
            "execution_count": 0,
            "expire_time": "",
            "generation": "1",
            "id": "projects/terraform-gcp-1598/locations/us-central1/jobs/job-from-tf",
            "labels": null,
            "last_modifier": "",
            "latest_created_execution": [
              {
                "completion_time": "1970-01-01T00:00:00Z",
                "create_time": "1970-01-01T00:00:00Z",
                "name": ""
              }
            ],
            "launch_stage": "GA",
            "location": "us-central1",
            "name": "job-from-tf",
            "observed_generation": "1",
            "project": "terraform-gcp-1598",
            "reconciling": false,
            "template": [
              {
                "annotations": null,
                "labels": null,
                "parallelism": 0,
                "task_count": 1,
                "template": [
                  {
                    "containers": [
                      {
                        "args": null,
                        "command": null,
                        "env": [],
                        "image": "us-docker.pkg.dev/cloudrun/container/job:latest",
                        "name": "",
                        "ports": [],
                        "resources": [
                          {
                            "limits": {
                              "cpu": "1000m",
                              "memory": "512Mi"
                            }
                          }
                        ],
                        "volume_mounts": [],
                        "working_dir": ""
                      }
                    ],
                    "encryption_key": "",
                    "execution_environment": "EXECUTION_ENVIRONMENT_GEN2",
                    "max_retries": 3,
                    "service_account": "968248729997-compute@developer.gserviceaccount.com",
                    "timeout": "600s",
                    "volumes": [],
                    "vpc_access": []
                  }
                ]
              }
            ],
            "terminal_condition": [
              {
                "execution_reason": "",
                "last_transition_time": "2024-05-20T15:19:18.805051Z",
                "message": "",
                "reason": "",
                "revision_reason": "",
                "severity": "",
                "state": "CONDITION_SUCCEEDED",
                "type": "Ready"
              }
            ],
            "terraform_labels": {},
            "timeouts": null,
            "uid": "fd279435-61fc-4050-aa30-dcfca7ff42dc",
            "update_time": "2024-05-20T15:19:18.416526Z"
          },
          "sensitive_attributes": [],
          "private": "eyJlMmJmYjczMC1lY2FhLTExZTYtOGY4OC0zNDM2M2JjN2M0YzAiOnsiY3JlYXRlIjoxMjAwMDAwMDAwMDAwLCJkZWxldGUiOjEyMDAwMDAwMDAwMDAsInVwZGF0ZSI6MTIwMDAwMDAwMDAwMH19"
        }
      ]
    }
  ],
  "check_results": null
}
