{
  "version": 4,
  "terraform_version": "1.7.5",
  "serial": 5,
  "lineage": "017661aa-3eee-a25d-9fef-2af5b9e212a6",
  "outputs": {},
  "resources": [
    {
      "mode": "managed",
      "type": "google_bigtable_instance",
      "name": "biggy-tf",
      "provider": "provider[\"registry.terraform.io/hashicorp/google\"]",
      "instances": [
        {
          "schema_version": 1,
          "attributes": {
            "cluster": [
              {
                "autoscaling_config": [],
                "cluster_id": "tf-instance1",
                "kms_key_name": "",
                "num_nodes": 1,
                "state": "READY",
                "storage_type": "HDD",
                "zone": "us-central1-a"
              }
            ],
            "deletion_protection": false,
            "display_name": "biggy-tf",
            "effective_labels": {
              "env": "production-tf"
            },
            "id": "projects/terraform-gcp-1598/instances/biggy-tf",
            "instance_type": "PRODUCTION",
            "labels": {
              "env": "production-tf"
            },
            "name": "biggy-tf",
            "project": "terraform-gcp-1598",
            "terraform_labels": {
              "env": "production-tf"
            },
            "timeouts": null
          },
          "sensitive_attributes": [],
          "private": "eyJlMmJmYjczMC1lY2FhLTExZTYtOGY4OC0zNDM2M2JjN2M0YzAiOnsiY3JlYXRlIjozNjAwMDAwMDAwMDAwLCJyZWFkIjozNjAwMDAwMDAwMDAwLCJ1cGRhdGUiOjM2MDAwMDAwMDAwMDB9LCJzY2hlbWFfdmVyc2lvbiI6IjEifQ=="
        }
      ]
    },
    {
      "mode": "managed",
      "type": "google_bigtable_table",
      "name": "table-tf",
      "provider": "provider[\"registry.terraform.io/hashicorp/google\"]",
      "instances": [
        {
          "schema_version": 0,
          "attributes": {
            "change_stream_retention": null,
            "column_family": [],
            "deletion_protection": "UNPROTECTED",
            "id": "projects/terraform-gcp-1598/instances/biggy-tf/tables/table-tf",
            "instance_name": "biggy-tf",
            "name": "table-tf",
            "project": "terraform-gcp-1598",
            "split_keys": null,
            "timeouts": null
          },
          "sensitive_attributes": [],
          "private": "eyJlMmJmYjczMC1lY2FhLTExZTYtOGY4OC0zNDM2M2JjN2M0YzAiOnsiY3JlYXRlIjoyNzAwMDAwMDAwMDAwLCJ1cGRhdGUiOjEyMDAwMDAwMDAwMDB9fQ==",
          "dependencies": [
            "google_bigtable_instance.biggy-tf"
          ]
        }
      ]
    }
  ],
  "check_results": null
}
