{
  "version": 4,
  "terraform_version": "1.7.5",
  "serial": 3,
  "lineage": "9ca10d99-1d25-209c-6969-3bcf64aeebcf",
  "outputs": {},
  "resources": [
    {
      "mode": "managed",
      "type": "google_artifact_registry_repository",
      "name": "tf-artifact",
      "provider": "provider[\"registry.terraform.io/hashicorp/google\"]",
      "instances": [
        {
          "schema_version": 0,
          "attributes": {
            "cleanup_policies": [],
            "cleanup_policy_dry_run": false,
            "create_time": "2024-05-20T13:37:09.100823Z",
            "description": "Docker Tf Repository",
            "docker_config": [],
            "effective_labels": {},
            "format": "DOCKER",
            "id": "projects/terraform-gcp-1598/locations/us-central1/repositories/repository-tf",
            "kms_key_name": "",
            "labels": null,
            "location": "us-central1",
            "maven_config": [],
            "mode": "STANDARD_REPOSITORY",
            "name": "repository-tf",
            "project": "terraform-gcp-1598",
            "remote_repository_config": [],
            "repository_id": "repository-tf",
            "terraform_labels": {},
            "timeouts": null,
            "update_time": "2024-05-20T13:37:09.100823Z",
            "virtual_repository_config": []
          },
          "sensitive_attributes": [],
          "private": "eyJlMmJmYjczMC1lY2FhLTExZTYtOGY4OC0zNDM2M2JjN2M0YzAiOnsiY3JlYXRlIjoxMjAwMDAwMDAwMDAwLCJkZWxldGUiOjEyMDAwMDAwMDAwMDAsInVwZGF0ZSI6MTIwMDAwMDAwMDAwMH19"
        }
      ]
    }
  ],
  "check_results": null
}
