{
  "version": 4,
  "terraform_version": "1.7.5",
  "serial": 6,
  "lineage": "54ec68a2-8b71-0f33-5013-afe2fe2fb503",
  "outputs": {},
  "resources": [
    {
      "mode": "managed",
      "type": "google_sql_database_instance",
      "name": "sqltf",
      "provider": "provider[\"registry.terraform.io/hashicorp/google\"]",
      "instances": [
        {
          "schema_version": 0,
          "attributes": {
            "available_maintenance_versions": [],
            "clone": [],
            "connection_name": "terraform-gcp-1598:us-central1:stltf1",
            "database_version": "MYSQL_5_7",
            "deletion_protection": false,
            "dns_name": "",
            "encryption_key_name": null,
            "first_ip_address": "34.16.47.157",
            "id": "stltf1",
            "instance_type": "CLOUD_SQL_INSTANCE",
            "ip_address": [
              {
                "ip_address": "34.16.47.157",
                "time_to_retire": "",
                "type": "PRIMARY"
              }
            ],
            "maintenance_version": "MYSQL_5_7_44.R20240207.00_12",
            "master_instance_name": "",
            "name": "stltf1",
            "private_ip_address": "",
            "project": "terraform-gcp-1598",
            "psc_service_attachment_link": "",
            "public_ip_address": "34.16.47.157",
            "region": "us-central1",
            "replica_configuration": [],
            "restore_backup_context": [],
            "root_password": null,
            "self_link": "https://sqladmin.googleapis.com/sql/v1beta4/projects/terraform-gcp-1598/instances/stltf1",
            "server_ca_cert": [
              {
                "cert": "-----BEGIN CERTIFICATE-----\nMIIDfzCCAmegAwIBAgIBADANBgkqhkiG9w0BAQsFADB3MS0wKwYDVQQuEyRiNDc2\nMGI1Yy1hNmEyLTRmMTUtYWZmZi05ZDUwZmJiNzZhM2UxIzAhBgNVBAMTGkdvb2ds\nZSBDbG91ZCBTUUwgU2VydmVyIENBMRQwEgYDVQQKEwtHb29nbGUsIEluYzELMAkG\nA1UEBhMCVVMwHhcNMjQwNTE4MTQzODU3WhcNMzQwNTE2MTQzOTU3WjB3MS0wKwYD\nVQQuEyRiNDc2MGI1Yy1hNmEyLTRmMTUtYWZmZi05ZDUwZmJiNzZhM2UxIzAhBgNV\nBAMTGkdvb2dsZSBDbG91ZCBTUUwgU2VydmVyIENBMRQwEgYDVQQKEwtHb29nbGUs\nIEluYzELMAkGA1UEBhMCVVMwggEiMA0GCSqGSIb3DQEBAQUAA4IBDwAwggEKAoIB\nAQCM/Qx3kcLyiCXkUXopkw98bWnrZGpcNC4QdBPRW5JHmFUVrr/JfPdEQo7KqqEn\nSqPHEhRo/ByFYlta1NzBG4wQ6ydIJ4qz5EjoO11gmhH4+kfuY3JweurJsIsVHqUl\n3adlTcoQfdMemuGa88NSLuiFQYa4Heb+SI8eKQcMlSn6y3XN9J4ZF2DDyZiPX/Mn\nIbRXDFnVeYIk3WIuveKw1but42Nn7UeBAO3o/K9fdEUGyP2o/4TbgMW1abaIZA1W\nMxeiDlFew0d6k5MlClXLtQn5W6cdVgJHP67nYZczfcrAFgShtfXNELZzBry9jlsy\nP0iLNwJu0Vqf2P4Yzfg2eG1xAgMBAAGjFjAUMBIGA1UdEwEB/wQIMAYBAf8CAQAw\nDQYJKoZIhvcNAQELBQADggEBAA0IPOiqBz3HbPGFUHRnPLMd6cthnAH50P6mAV2y\n6pJYRVnXRER4RTKeLpsoyVHmLTOCx37/KAK30wgRLq46g7Wdr9QGh4wfTlX1ilST\n+tpJz3egdl6/Wnpnk3AtCbYm/Fe9ALk6UI1lEJ+qp2qxyRLqahzlaVbblN6R+7N1\nhjX8TwtBvwqHQhg/FAuQ0oH4YFDDca8Kg+puCKDSu9ywWecdpPUsA2M/cmkHlCW2\nh0hmE8u2ykE/1u/UwhG/fD6o2LDUXibvrAuIuDtCkyIaEE/tDvmTNttFUr6fHrTs\nCrFD+02nQc/Q6T+RH87+UWATchtOYpZBmR3CrNLy3fKe9cY=\n-----END CERTIFICATE-----",
                "common_name": "C=US,O=Google\\, Inc,CN=Google Cloud SQL Server CA,dnQualifier=b4760b5c-a6a2-4f15-afff-9d50fbb76a3e",
                "create_time": "2024-05-18T14:38:57.875Z",
                "expiration_time": "2034-05-16T14:39:57.875Z",
                "sha1_fingerprint": "7f926ce47752b53774673f7a596b64fae81f42e9"
              }
            ],
            "service_account_email_address": "p968248729997-yctvf5@gcp-sa-cloud-sql.iam.gserviceaccount.com",
            "settings": [
              {
                "activation_policy": "ALWAYS",
                "active_directory_config": [],
                "advanced_machine_features": [],
                "availability_type": "ZONAL",
                "backup_configuration": [
                  {
                    "backup_retention_settings": [
                      {
                        "retained_backups": 7,
                        "retention_unit": "COUNT"
                      }
                    ],
                    "binary_log_enabled": false,
                    "enabled": false,
                    "location": "",
                    "point_in_time_recovery_enabled": false,
                    "start_time": "14:00",
                    "transaction_log_retention_days": 7
                  }
                ],
                "collation": "",
                "connector_enforcement": "NOT_REQUIRED",
                "data_cache_config": [],
                "database_flags": [],
                "deletion_protection_enabled": false,
                "deny_maintenance_period": [],
                "disk_autoresize": true,
                "disk_autoresize_limit": 0,
                "disk_size": 10,
                "disk_type": "PD_SSD",
                "edition": "ENTERPRISE",
                "enable_google_ml_integration": false,
                "insights_config": [],
                "ip_configuration": [
                  {
                    "allocated_ip_range": "",
                    "authorized_networks": [],
                    "enable_private_path_for_google_cloud_services": false,
                    "ipv4_enabled": true,
                    "private_network": "",
                    "psc_config": [],
                    "require_ssl": false,
                    "ssl_mode": ""
                  }
                ],
                "location_preference": [
                  {
                    "follow_gae_application": "",
                    "secondary_zone": "",
                    "zone": "us-central1-a"
                  }
                ],
                "maintenance_window": [],
                "password_validation_policy": [],
                "pricing_plan": "PER_USE",
                "sql_server_audit_config": [],
                "tier": "db-f1-micro",
                "time_zone": "",
                "user_labels": {},
                "version": 2
              }
            ],
            "timeouts": null
          },
          "sensitive_attributes": [],
          "private": "eyJlMmJmYjczMC1lY2FhLTExZTYtOGY4OC0zNDM2M2JjN2M0YzAiOnsiY3JlYXRlIjoyNDAwMDAwMDAwMDAwLCJkZWxldGUiOjE4MDAwMDAwMDAwMDAsInVwZGF0ZSI6MTgwMDAwMDAwMDAwMH19"
        }
      ]
    },
    {
      "mode": "managed",
      "type": "google_sql_user",
      "name": "user1",
      "provider": "provider[\"registry.terraform.io/hashicorp/google\"]",
      "instances": [
        {
          "schema_version": 1,
          "attributes": {
            "deletion_policy": null,
            "host": "",
            "id": "usertf//stltf1",
            "instance": "stltf1",
            "name": "usertf",
            "password": "oscar@1598",
            "password_policy": [],
            "project": "terraform-gcp-1598",
            "sql_server_user_details": [],
            "timeouts": null,
            "type": ""
          },
          "sensitive_attributes": [],
          "private": "eyJlMmJmYjczMC1lY2FhLTExZTYtOGY4OC0zNDM2M2JjN2M0YzAiOnsiY3JlYXRlIjo2MDAwMDAwMDAwMDAsImRlbGV0ZSI6NjAwMDAwMDAwMDAwLCJ1cGRhdGUiOjYwMDAwMDAwMDAwMH0sInNjaGVtYV92ZXJzaW9uIjoiMSJ9",
          "dependencies": [
            "google_sql_database_instance.sqltf"
          ]
        }
      ]
    }
  ],
  "check_results": null
}
