{
  "version": 4,
  "terraform_version": "1.7.5",
  "serial": 3,
  "lineage": "4c756e4d-af9e-93f5-f3c2-b708ff8b2aa4",
  "outputs": {},
  "resources": [
    {
      "mode": "managed",
      "type": "google_apikeys_key",
      "name": "keys-tf",
      "provider": "provider[\"registry.terraform.io/hashicorp/google\"]",
      "instances": [
        {
          "schema_version": 0,
          "attributes": {
            "display_name": "Keys created from terraform",
            "id": "projects/terraform-gcp-1598/locations/global/keys/primary-basic-keys",
            "key_string": "AIzaSyAHXb4mFPnmOD7XKxPYBy2VqAMS-GSeM_o",
            "name": "primary-basic-keys",
            "project": "terraform-gcp-1598",
            "restrictions": [
              {
                "android_key_restrictions": [],
                "api_targets": [
                  {
                    "methods": [
                      "GET*"
                    ],
                    "service": "translate.googleapi.com"
                  }
                ],
                "browser_key_restrictions": [
                  {
                    "allowed_referrers": [
                      ".*"
                    ]
                  }
                ],
                "ios_key_restrictions": [],
                "server_key_restrictions": []
              }
            ],
            "timeouts": null,
            "uid": "a5423fba-31c4-44f6-af8a-f15305104749"
          },
          "sensitive_attributes": [],
          "private": "eyJlMmJmYjczMC1lY2FhLTExZTYtOGY4OC0zNDM2M2JjN2M0YzAiOnsiY3JlYXRlIjoxMjAwMDAwMDAwMDAwLCJkZWxldGUiOjEyMDAwMDAwMDAwMDAsInVwZGF0ZSI6MTIwMDAwMDAwMDAwMH19"
        }
      ]
    }
  ],
  "check_results": null
}
